// !$*UTF8*$!
{
	archiveVersion = 1;
	classes = {
	};
	objectVersion = 50;
	objects = {

/* Begin PBXBuildFile section */
		EB58CC4320FD2ADF00C25BC2 /* AppDelegate.swift in Sources */ = {isa = PBXBuildFile; fileRef = EB58CC4220FD2ADF00C25BC2 /* AppDelegate.swift */; };
		EB58CC4520FD2ADF00C25BC2 /* ViewController.swift in Sources */ = {isa = PBXBuildFile; fileRef = EB58CC4420FD2ADF00C25BC2 /* ViewController.swift */; };
		EB58CC4820FD2ADF00C25BC2 /* Main.storyboard in Resources */ = {isa = PBXBuildFile; fileRef = EB58CC4620FD2ADF00C25BC2 /* Main.storyboard */; };
		EB58CC4A20FD2AE300C25BC2 /* Assets.xcassets in Resources */ = {isa = PBXBuildFile; fileRef = EB58CC4920FD2AE300C25BC2 /* Assets.xcassets */; };
		EB58CC4D20FD2AE300C25BC2 /* LaunchScreen.storyboard in Resources */ = {isa = PBXBuildFile; fileRef = EB58CC4B20FD2AE300C25BC2 /* LaunchScreen.storyboard */; };
		EB58CC5520FD2EBB00C25BC2 /* Login.storyboard in Resources */ = {isa = PBXBuildFile; fileRef = EB58CC5420FD2EBB00C25BC2 /* Login.storyboard */; };
		EB61A4EE20FD3B61002A049D /* LoginViewController.swift in Sources */ = {isa = PBXBuildFile; fileRef = EB61A4ED20FD3B61002A049D /* LoginViewController.swift */; };
/* End PBXBuildFile section */

/* Begin PBXFileReference section */
		EB58CC3F20FD2ADF00C25BC2 /* Seams.app */ = {isa = PBXFileReference; explicitFileType = wrapper.application; includeInIndex = 0; path = Seams.app; sourceTree = BUILT_PRODUCTS_DIR; };
		EB58CC4220FD2ADF00C25BC2 /* AppDelegate.swift */ = {isa = PBXFileReference; lastKnownFileType = sourcecode.swift; path = AppDelegate.swift; sourceTree = "<group>"; };
		EB58CC4420FD2ADF00C25BC2 /* ViewController.swift */ = {isa = PBXFileReference; lastKnownFileType = sourcecode.swift; path = ViewController.swift; sourceTree = "<group>"; };
		EB58CC4720FD2ADF00C25BC2 /* Base */ = {isa = PBXFileReference; lastKnownFileType = file.storyboard; name = Base; path = Base.lproj/Main.storyboard; sourceTree = "<group>"; };
		EB58CC4920FD2AE300C25BC2 /* Assets.xcassets */ = {isa = PBXFileReference; lastKnownFileType = folder.assetcatalog; path = Assets.xcassets; sourceTree = "<group>"; };
		EB58CC4C20FD2AE300C25BC2 /* Base */ = {isa = PBXFileReference; lastKnownFileType = file.storyboard; name = Base; path = Base.lproj/LaunchScreen.storyboard; sourceTree = "<group>"; };
		EB58CC4E20FD2AE300C25BC2 /* Info.plist */ = {isa = PBXFileReference; lastKnownFileType = text.plist.xml; path = Info.plist; sourceTree = "<group>"; };
		EB58CC5420FD2EBB00C25BC2 /* Login.storyboard */ = {isa = PBXFileReference; lastKnownFileType = file.storyboard; path = Login.storyboard; sourceTree = "<group>"; };
		EB61A4ED20FD3B61002A049D /* LoginViewController.swift */ = {isa = PBXFileReference; lastKnownFileType = sourcecode.swift; path = LoginViewController.swift; sourceTree = "<group>"; };
/* End PBXFileReference section */

/* Begin PBXFrameworksBuildPhase section */
		EB58CC3C20FD2ADF00C25BC2 /* Frameworks */ = {
			isa = PBXFrameworksBuildPhase;
			buildActionMask = 2147483647;
			files = (
			);
			runOnlyForDeploymentPostprocessing = 0;
		};
/* End PBXFrameworksBuildPhase section */

/* Begin PBXGroup section */
		EB58CC3620FD2ADF00C25BC2 = {
			isa = PBXGroup;
			children = (
				EB58CC4120FD2ADF00C25BC2 /* Seams */,
				EB58CC4020FD2ADF00C25BC2 /* Products */,
			);
			sourceTree = "<group>";
		};
		EB58CC4020FD2ADF00C25BC2 /* Products */ = {
			isa = PBXGroup;
			children = (
				EB58CC3F20FD2ADF00C25BC2 /* Seams.app */,
			);
			name = Products;
			sourceTree = "<group>";
		};
		EB58CC4120FD2ADF00C25BC2 /* Seams */ = {
			isa = PBXGroup;
			children = (
				EB61A4ED20FD3B61002A049D /* LoginViewController.swift */,
				EB58CC4220FD2ADF00C25BC2 /* AppDelegate.swift */,
				EB58CC5420FD2EBB00C25BC2 /* Login.storyboard */,
				EB58CC4420FD2ADF00C25BC2 /* ViewController.swift */,
				EB58CC4620FD2ADF00C25BC2 /* Main.storyboard */,
				EB58CC4920FD2AE300C25BC2 /* Assets.xcassets */,
				EB58CC4B20FD2AE300C25BC2 /* LaunchScreen.storyboard */,
				EB58CC4E20FD2AE300C25BC2 /* Info.plist */,
			);
			path = Seams;
			sourceTree = "<group>";
		};
/* End PBXGroup section */

/* Begin PBXNativeTarget section */
		EB58CC3E20FD2ADF00C25BC2 /* Seams */ = {
			isa = PBXNativeTarget;
			buildConfigurationList = EB58CC5120FD2AE300C25BC2 /* Build configuration list for PBXNativeTarget "Seams" */;
			buildPhases = (
				EB58CC3B20FD2ADF00C25BC2 /* Sources */,
				EB58CC3C20FD2ADF00C25BC2 /* Frameworks */,
				EB58CC3D20FD2ADF00C25BC2 /* Resources */,
			);
			buildRules = (
			);
			dependencies = (
			);
			name = Seams;
			productName = Seams;
			productReference = EB58CC3F20FD2ADF00C25BC2 /* Seams.app */;
			productType = "com.apple.product-type.application";
		};
/* End PBXNativeTarget section */

/* Begin PBXProject section */
		EB58CC3720FD2ADF00C25BC2 /* Project object */ = {
			isa = PBXProject;
			attributes = {
				LastSwiftUpdateCheck = 0940;
				LastUpgradeCheck = 0940;
				TargetAttributes = {
					EB58CC3E20FD2ADF00C25BC2 = {
						CreatedOnToolsVersion = 9.4.1;
					};
				};
			};
			buildConfigurationList = EB58CC3A20FD2ADF00C25BC2 /* Build configuration list for PBXProject "Seams" */;
			compatibilityVersion = "Xcode 9.3";
			developmentRegion = en;
			hasScannedForEncodings = 0;
			knownRegions = (
				en,
				Base,
			);
			mainGroup = EB58CC3620FD2ADF00C25BC2;
			productRefGroup = EB58CC4020FD2ADF00C25BC2 /* Products */;
			projectDirPath = "";
			projectRoot = "";
			targets = (
				EB58CC3E20FD2ADF00C25BC2 /* Seams */,
			);
		};
/* End PBXProject section */

/* Begin PBXResourcesBuildPhase section */
		EB58CC3D20FD2ADF00C25BC2 /* Resources */ = {
			isa = PBXResourcesBuildPhase;
			buildActionMask = 2147483647;
			files = (
				EB58CC5520FD2EBB00C25BC2 /* Login.storyboard in Resources */,
				EB58CC4D20FD2AE300C25BC2 /* LaunchScreen.storyboard in Resources */,
				EB58CC4A20FD2AE300C25BC2 /* Assets.xcassets in Resources */,
				EB58CC4820FD2ADF00C25BC2 /* Main.storyboard in Resources */,
			);
			runOnlyForDeploymentPostprocessing = 0;
		};
/* End PBXResourcesBuildPhase section */

/* Begin PBXSourcesBuildPhase section */
		EB58CC3B20FD2ADF00C25BC2 /* Sources */ = {
			isa = PBXSourcesBuildPhase;
			buildActionMask = 2147483647;
			files = (
				EB61A4EE20FD3B61002A049D /* LoginViewController.swift in Sources */,
				EB58CC4520FD2ADF00C25BC2 /* ViewController.swift in Sources */,
				EB58CC4320FD2ADF00C25BC2 /* AppDelegate.swift in Sources */,
			);
			runOnlyForDeploymentPostprocessing = 0;
		};
/* End PBXSourcesBuildPhase section */

/* Begin PBXVariantGroup section */
		EB58CC4620FD2ADF00C25BC2 /* Main.storyboard */ = {
			isa = PBXVariantGroup;
			children = (
				EB58CC4720FD2ADF00C25BC2 /* Base */,
			);
			name = Main.storyboard;
			sourceTree = "<group>";
		};
		EB58CC4B20FD2AE300C25BC2 /* LaunchScreen.storyboard */ = {
			isa = PBXVariantGroup;
			children = (
				EB58CC4C20FD2AE300C25BC2 /* Base */,
			);
			name = LaunchScreen.storyboard;
			sourceTree = "<group>";
		};
/* End PBXVariantGroup section */

/* Begin XCBuildConfiguration section */
		EB58CC4F20FD2AE300C25BC2 /* Debug */ = {
			isa = XCBuildConfiguration;
			buildSettings = {
				ALWAYS_SEARCH_USER_PATHS = NO;
				CLANG_ANALYZER_NONNULL = YES;
				CLANG_ANALYZER_NUMBER_OBJECT_CONVERSION = YES_AGGRESSIVE;
				CLANG_CXX_LANGUAGE_STANDARD = "gnu++14";
				CLANG_CXX_LIBRARY = "libc++";
				CLANG_ENABLE_MODULES = YES;
				CLANG_ENABLE_OBJC_ARC = YES;
				CLANG_ENABLE_OBJC_WEAK = YES;
				CLANG_WARN_BLOCK_CAPTURE_AUTORELEASING = YES;
				CLANG_WARN_BOOL_CONVERSION = YES;
				CLANG_WARN_COMMA = YES;
				CLANG_WARN_CONSTANT_CONVERSION = YES;
				CLANG_WARN_DEPRECATED_OBJC_IMPLEMENTATIONS = YES;
				CLANG_WARN_DIRECT_OBJC_ISA_USAGE = YES_ERROR;
				CLANG_WARN_DOCUMENTATION_COMMENTS = YES;
				CLANG_WARN_EMPTY_BODY = YES;
				CLANG_WARN_ENUM_CONVERSION = YES;
				CLANG_WARN_INFINITE_RECURSION = YES;
				CLANG_WARN_INT_CONVERSION = YES;
				CLANG_WARN_NON_LITERAL_NULL_CONVERSION = YES;
				CLANG_WARN_OBJC_IMPLICIT_RETAIN_SELF = YES;
				CLANG_WARN_OBJC_LITERAL_CONVERSION = YES;
				CLANG_WARN_OBJC_ROOT_CLASS = YES_ERROR;
				CLANG_WARN_RANGE_LOOP_ANALYSIS = YES;
				CLANG_WARN_STRICT_PROTOTYPES = YES;
				CLANG_WARN_SUSPICIOUS_MOVE = YES;
				CLANG_WARN_UNGUARDED_AVAILABILITY = YES_AGGRESSIVE;
				CLANG_WARN_UNREACHABLE_CODE = YES;
				CLANG_WARN__DUPLICATE_METHOD_MATCH = YES;
				CODE_SIGN_IDENTITY = "iPhone Developer";
				COPY_PHASE_STRIP = NO;
				DEBUG_INFORMATION_FORMAT = dwarf;
				ENABLE_STRICT_OBJC_MSGSEND = YES;
				ENABLE_TESTABILITY = YES;
				GCC_C_LANGUAGE_STANDARD = gnu11;
				GCC_DYNAMIC_NO_PIC = NO;
				GCC_NO_COMMON_BLOCKS = YES;
				GCC_OPTIMIZATION_LEVEL = 0;
				GCC_PREPROCESSOR_DEFINITIONS = (
					"DEBUG=1",
					"$(inherited)",
				);
				GCC_WARN_64_TO_32_BIT_CONVERSION = YES;
				GCC_WARN_ABOUT_RETURN_TYPE = YES_ERROR;
				GCC_WARN_UNDECLARED_SELECTOR = YES;
				GCC_WARN_UNINITIALIZED_AUTOS = YES_AGGRESSIVE;
				GCC_WARN_UNUSED_FUNCTION = YES;
				GCC_WARN_UNUSED_VARIABLE = YES;
				IPHONEOS_DEPLOYMENT_TARGET = 10.0;
				MTL_ENABLE_DEBUG_INFO = YES;
				ONLY_ACTIVE_ARCH = YES;
				SDKROOT = iphoneos;
				SWIFT_ACTIVE_COMPILATION_CONDITIONS = DEBUG;
				SWIFT_OPTIMIZATION_LEVEL = "-Onone";
			};
			name = Debug;
		};
		EB58CC5020FD2AE300C25BC2 /* Release */ = {
			isa = XCBuildConfiguration;
			buildSettings = {
				ALWAYS_SEARCH_USER_PATHS = NO;
				CLANG_ANALYZER_NONNULL = YES;
				CLANG_ANALYZER_NUMBER_OBJECT_CONVERSION = YES_AGGRESSIVE;
				CLANG_CXX_LANGUAGE_STANDARD = "gnu++14";
				CLANG_CXX_LIBRARY = "libc++";
				CLANG_ENABLE_MODULES = YES;
				CLANG_ENABLE_OBJC_ARC = YES;
				CLANG_ENABLE_OBJC_WEAK = YES;
				CLANG_WARN_BLOCK_CAPTURE_AUTORELEASING = YES;
				CLANG_WARN_BOOL_CONVERSION = YES;
				CLANG_WARN_COMMA = YES;
				CLANG_WARN_CONSTANT_CONVERSION = YES;
				CLANG_WARN_DEPRECATED_OBJC_IMPLEMENTATIONS = YES;
				CLANG_WARN_DIRECT_OBJC_ISA_USAGE = YES_ERROR;
				CLANG_WARN_DOCUMENTATION_COMMENTS = YES;
				CLANG_WARN_EMPTY_BODY = YES;
				CLANG_WARN_ENUM_CONVERSION = YES;
				CLANG_WARN_INFINITE_RECURSION = YES;
				CLANG_WARN_INT_CONVERSION = YES;
				CLANG_WARN_NON_LITERAL_NULL_CONVERSION = YES;
				CLANG_WARN_OBJC_IMPLICIT_RETAIN_SELF = YES;
				CLANG_WARN_OBJC_LITERAL_CONVERSION = YES;
				CLANG_WARN_OBJC_ROOT_CLASS = YES_ERROR;
				CLANG_WARN_RANGE_LOOP_ANALYSIS = YES;
				CLANG_WARN_STRICT_PROTOTYPES = YES;
				CLANG_WARN_SUSPICIOUS_MOVE = YES;
				CLANG_WARN_UNGUARDED_AVAILABILITY = YES_AGGRESSIVE;
				CLANG_WARN_UNREACHABLE_CODE = YES;
				CLANG_WARN__DUPLICATE_METHOD_MATCH = YES;
				CODE_SIGN_IDENTITY = "iPhone Developer";
				COPY_PHASE_STRIP = NO;
				DEBUG_INFORMATION_FORMAT = "dwarf-with-dsym";
				ENABLE_NS_ASSERTIONS = NO;
				ENABLE_STRICT_OBJC_MSGSEND = YES;
				GCC_C_LANGUAGE_STANDARD = gnu11;
				GCC_NO_COMMON_BLOCKS = YES;
				GCC_WARN_64_TO_32_BIT_CONVERSION = YES;
				GCC_WARN_ABOUT_RETURN_TYPE = YES_ERROR;
				GCC_WARN_UNDECLARED_SELECTOR = YES;
				GCC_WARN_UNINITIALIZED_AUTOS = YES_AGGRESSIVE;
				GCC_WARN_UNUSED_FUNCTION = YES;
				GCC_WARN_UNUSED_VARIABLE = YES;
				IPHONEOS_DEPLOYMENT_TARGET = 10.0;
				MTL_ENABLE_DEBUG_INFO = NO;
				SDKROOT = iphoneos;
				SWIFT_COMPILATION_MODE = wholemodule;
				SWIFT_OPTIMIZATION_LEVEL = "-O";
				VALIDATE_PRODUCT = YES;
			};
			name = Release;
		};
		EB58CC5220FD2AE300C25BC2 /* Debug */ = {
			isa = XCBuildConfiguration;
			buildSettings = {
				ASSETCATALOG_COMPILER_APPICON_NAME = AppIcon;
				CODE_SIGN_STYLE = Automatic;
				DEVELOPMENT_TEAM = 9S6683TC8T;
				INFOPLIST_FILE = Seams/Info.plist;
				IPHONEOS_DEPLOYMENT_TARGET = 10.0;
				LD_RUNPATH_SEARCH_PATHS = (
					"$(inherited)",
					"@executable_path/Frameworks",
				);
				PRODUCT_BUNDLE_IDENTIFIER = tomisin.Seams;
				PRODUCT_NAME = "$(TARGET_NAME)";
				SWIFT_VERSION = 4.0;
				TARGETED_DEVICE_FAMILY = "1,2";
			};
			name = Debug;
		};
		EB58CC5320FD2AE300C25BC2 /* Release */ = {
			isa = XCBuildConfiguration;
			buildSettings = {
				ASSETCATALOG_COMPILER_APPICON_NAME = AppIcon;
				CODE_SIGN_STYLE = Automatic;
				DEVELOPMENT_TEAM = 9S6683TC8T;
				INFOPLIST_FILE = Seams/Info.plist;
				IPHONEOS_DEPLOYMENT_TARGET = 10.0;
				LD_RUNPATH_SEARCH_PATHS = (
					"$(inherited)",
					"@executable_path/Frameworks",
				);
				PRODUCT_BUNDLE_IDENTIFIER = tomisin.Seams;
				PRODUCT_NAME = "$(TARGET_NAME)";
				SWIFT_VERSION = 4.0;
				TARGETED_DEVICE_FAMILY = "1,2";
			};
			name = Release;
		};
/* End XCBuildConfiguration section */

/* Begin XCConfigurationList section */
		EB58CC3A20FD2ADF00C25BC2 /* Build configuration list for PBXProject "Seams" */ = {
			isa = XCConfigurationList;
			buildConfigurations = (
				EB58CC4F20FD2AE300C25BC2 /* Debug */,
				EB58CC5020FD2AE300C25BC2 /* Release */,
			);
			defaultConfigurationIsVisible = 0;
			defaultConfigurationName = Release;
		};
		EB58CC5120FD2AE300C25BC2 /* Build configuration list for PBXNativeTarget "Seams" */ = {
			isa = XCConfigurationList;
			buildConfigurations = (
				EB58CC5220FD2AE300C25BC2 /* Debug */,
				EB58CC5320FD2AE300C25BC2 /* Release */,
			);
			defaultConfigurationIsVisible = 0;
			defaultConfigurationName = Release;
		};
/* End XCConfigurationList section */
	};
	rootObject = EB58CC3720FD2ADF00C25BC2 /* Project object */;
}
